
Microsoft Visual Studio Solution File, Format Version 12.00
# Visual Studio Version 16
VisualStudioVersion = 16.0.32002.261
MinimumVisualStudioVersion = 10.0.40219.1
Project("{9A19103F-16F7-4668-BE54-9A1E7A4F7556}") = "gestion", "gestion\gestion.csproj", "{520DBFBC-E8E9-4710-8F02-352E370CF2B2}"
EndProject
Project("{9A19103F-16F7-4668-BE54-9A1E7A4F7556}") = "vista", "vista\vista.csproj", "{B4CA32A2-681E-451C-BFA3-C2705DBB3858}"
	ProjectSection(ProjectDependencies) = postProject
		{520DBFBC-E8E9-4710-8F02-352E370CF2B2} = {520DBFBC-E8E9-4710-8F02-352E370CF2B2}
	EndProjectSection
EndProject
Global
	GlobalSection(SolutionConfigurationPlatforms) = preSolution
		Debug|Any CPU = Debug|Any CPU
		Release|Any CPU = Release|Any CPU
	EndGlobalSection
	GlobalSection(ProjectConfigurationPlatforms) = postSolution
		{520DBFBC-E8E9-4710-8F02-352E370CF2B2}.Debug|Any CPU.ActiveCfg = Debug|Any CPU
		{520DBFBC-E8E9-4710-8F02-352E370CF2B2}.Debug|Any CPU.Build.0 = Debug|Any CPU
		{520DBFBC-E8E9-4710-8F02-352E370CF2B2}.Release|Any CPU.ActiveCfg = Release|Any CPU
		{520DBFBC-E8E9-4710-8F02-352E370CF2B2}.Release|Any CPU.Build.0 = Release|Any CPU
		{B4CA32A2-681E-451C-BFA3-C2705DBB3858}.Debug|Any CPU.ActiveCfg = Debug|Any CPU
		{B4CA32A2-681E-451C-BFA3-C2705DBB3858}.Debug|Any CPU.Build.0 = Debug|Any CPU
		{B4CA32A2-681E-451C-BFA3-C2705DBB3858}.Release|Any CPU.ActiveCfg = Release|Any CPU
		{B4CA32A2-681E-451C-BFA3-C2705DBB3858}.Release|Any CPU.Build.0 = Release|Any CPU
	EndGlobalSection
	GlobalSection(SolutionProperties) = preSolution
		HideSolutionNode = FALSE
	EndGlobalSection
	GlobalSection(ExtensibilityGlobals) = postSolution
		SolutionGuid = {0574B6C7-F340-4643-9D77-6BA45065755A}
	EndGlobalSection
EndGlobal
