
Microsoft Visual Studio Solution File, Format Version 12.00
# Visual Studio Version 16
VisualStudioVersion = 16.0.31911.196
MinimumVisualStudioVersion = 10.0.40219.1
Project("{FAE04EC0-301F-11D3-BF4B-00C04F79EFBC}") = "GestionClinica", "GestionClinica\GestionClinica.csproj", "{D538DCE0-CEE1-40F0-87AB-C6E66DDE81A6}"
EndProject
Project("{FAE04EC0-301F-11D3-BF4B-00C04F79EFBC}") = "vista", "vista\vista.csproj", "{CA9ADCD5-3CB6-416B-9F2C-CA055FD3A895}"
EndProject
Global
	GlobalSection(SolutionConfigurationPlatforms) = preSolution
		Debug|Any CPU = Debug|Any CPU
		Release|Any CPU = Release|Any CPU
	EndGlobalSection
	GlobalSection(ProjectConfigurationPlatforms) = postSolution
		{D538DCE0-CEE1-40F0-87AB-C6E66DDE81A6}.Debug|Any CPU.ActiveCfg = Debug|Any CPU
		{D538DCE0-CEE1-40F0-87AB-C6E66DDE81A6}.Debug|Any CPU.Build.0 = Debug|Any CPU
		{D538DCE0-CEE1-40F0-87AB-C6E66DDE81A6}.Release|Any CPU.ActiveCfg = Release|Any CPU
		{D538DCE0-CEE1-40F0-87AB-C6E66DDE81A6}.Release|Any CPU.Build.0 = Release|Any CPU
		{CA9ADCD5-3CB6-416B-9F2C-CA055FD3A895}.Debug|Any CPU.ActiveCfg = Debug|Any CPU
		{CA9ADCD5-3CB6-416B-9F2C-CA055FD3A895}.Debug|Any CPU.Build.0 = Debug|Any CPU
		{CA9ADCD5-3CB6-416B-9F2C-CA055FD3A895}.Release|Any CPU.ActiveCfg = Release|Any CPU
		{CA9ADCD5-3CB6-416B-9F2C-CA055FD3A895}.Release|Any CPU.Build.0 = Release|Any CPU
	EndGlobalSection
	GlobalSection(SolutionProperties) = preSolution
		HideSolutionNode = FALSE
	EndGlobalSection
	GlobalSection(ExtensibilityGlobals) = postSolution
		SolutionGuid = {D3A7A1CC-627F-40D8-8768-546CE58AD216}
	EndGlobalSection
EndGlobal
